
Microsoft Visual Studio Solution File, Format Version 12.00
# Visual Studio Version 17
VisualStudioVersion = 17.11.35327.3
MinimumVisualStudioVersion = 10.0.40219.1
Project("{FAE04EC0-301F-11D3-BF4B-00C04F79EFBC}") = "Simulator", "Simulator\Simulator.csproj", "{3C068316-26D0-445C-B674-B78BA07D455C}"
EndProject
Global
	GlobalSection(SolutionConfigurationPlatforms) = preSolution
		Debug|Any CPU = Debug|Any CPU
		Release|Any CPU = Release|Any CPU
	EndGlobalSection
	GlobalSection(ProjectConfigurationPlatforms) = postSolution
		{3C068316-26D0-445C-B674-B78BA07D455C}.Debug|Any CPU.ActiveCfg = Debug|Any CPU
		{3C068316-26D0-445C-B674-B78BA07D455C}.Debug|Any CPU.Build.0 = Debug|Any CPU
		{3C068316-26D0-445C-B674-B78BA07D455C}.Release|Any CPU.ActiveCfg = Release|Any CPU
		{3C068316-26D0-445C-B674-B78BA07D455C}.Release|Any CPU.Build.0 = Release|Any CPU
	EndGlobalSection
	GlobalSection(SolutionProperties) = preSolution
		HideSolutionNode = FALSE
	EndGlobalSection
	GlobalSection(ExtensibilityGlobals) = postSolution
		SolutionGuid = {05B76907-DA04-4D1A-BA97-96998F35F3FD}
	EndGlobalSection
EndGlobal
